{
  "name": "jbrix",
  "version": "1.0.0",
  "lockfileVersion": 1,
  "requires": true,
  "dependencies": {
    "kjua": {
      "version": "0.9.0",
      "resolved": "https://registry.npmjs.org/kjua/-/kjua-0.9.0.tgz",
      "integrity": "sha512-Wmh5k6hpl+wiYkcEIx0/Ocj1DOxacw/myh/SQ3NbY0RWD4360CXaaAJkdeeV+moqf7fxvACYK95LXQ8vtLWKxA=="
    }
  }
}
